
Microsoft Visual Studio Solution File, Format Version 12.00
# Visual Studio Version 16
VisualStudioVersion = 16.0.29009.5
MinimumVisualStudioVersion = 10.0.40219.1
Project("{FAE04EC0-301F-11D3-BF4B-00C04F79EFBC}") = "ConvertFile", "ConvertFile\ConvertFile.csproj", "{EFC1373A-1E93-463E-AFBB-05B726F9AE40}"
EndProject
Global
	GlobalSection(SolutionConfigurationPlatforms) = preSolution
		Debug|Any CPU = Debug|Any CPU
		Release|Any CPU = Release|Any CPU
	EndGlobalSection
	GlobalSection(ProjectConfigurationPlatforms) = postSolution
		{EFC1373A-1E93-463E-AFBB-05B726F9AE40}.Debug|Any CPU.ActiveCfg = Debug|Any CPU
		{EFC1373A-1E93-463E-AFBB-05B726F9AE40}.Debug|Any CPU.Build.0 = Debug|Any CPU
		{EFC1373A-1E93-463E-AFBB-05B726F9AE40}.Release|Any CPU.ActiveCfg = Release|Any CPU
		{EFC1373A-1E93-463E-AFBB-05B726F9AE40}.Release|Any CPU.Build.0 = Release|Any CPU
	EndGlobalSection
	GlobalSection(SolutionProperties) = preSolution
		HideSolutionNode = FALSE
	EndGlobalSection
	GlobalSection(ExtensibilityGlobals) = postSolution
		SolutionGuid = {2BEC2698-D2D8-41A1-B7AA-0AF1FF8CEE61}
	EndGlobalSection
EndGlobal
